// !$*UTF8*$!
{
	archiveVersion = 1;
	classes = {
	};
	objectVersion = 50;
	objects = {

/* Begin PBXBuildFile section */
		55311C7821E733D1005D5EC9 /* AppDelegate.swift in Sources */ = {isa = PBXBuildFile; fileRef = 55311C7721E733D1005D5EC9 /* AppDelegate.swift */; };
		55311C7A21E733D1005D5EC9 /* ViewController.swift in Sources */ = {isa = PBXBuildFile; fileRef = 55311C7921E733D1005D5EC9 /* ViewController.swift */; };
		55311C7D21E733D1005D5EC9 /* Main.storyboard in Resources */ = {isa = PBXBuildFile; fileRef = 55311C7B21E733D1005D5EC9 /* Main.storyboard */; };
		55311C7F21E733D2005D5EC9 /* Assets.xcassets in Resources */ = {isa = PBXBuildFile; fileRef = 55311C7E21E733D2005D5EC9 /* Assets.xcassets */; };
		55311C8221E733D2005D5EC9 /* LaunchScreen.storyboard in Resources */ = {isa = PBXBuildFile; fileRef = 55311C8021E733D2005D5EC9 /* LaunchScreen.storyboard */; };
		55311C8B21E734D5005D5EC9 /* CXSpacingButton.swift in Sources */ = {isa = PBXBuildFile; fileRef = 55311C8A21E734D5005D5EC9 /* CXSpacingButton.swift */; };
		55311C8D21E734EA005D5EC9 /* CXSideButton.swift in Sources */ = {isa = PBXBuildFile; fileRef = 55311C8C21E734EA005D5EC9 /* CXSideButton.swift */; };
		55311C8F21E736B9005D5EC9 /* UIEdgeInset+Extension.swift in Sources */ = {isa = PBXBuildFile; fileRef = 55311C8E21E736B9005D5EC9 /* UIEdgeInset+Extension.swift */; };
		55311C9221E7380B005D5EC9 /* README.md in Resources */ = {isa = PBXBuildFile; fileRef = 55311C9021E7380B005D5EC9 /* README.md */; };
		55311C9321E7380B005D5EC9 /* TitleImageEdgeinsetsButton.podspec in Resources */ = {isa = PBXBuildFile; fileRef = 55311C9121E7380B005D5EC9 /* TitleImageEdgeinsetsButton.podspec */; };
		D368E1FE21EE1C740000BD6D /* side.png in Resources */ = {isa = PBXBuildFile; fileRef = D368E1FC21EE1C740000BD6D /* side.png */; };
		D368E1FF21EE1C740000BD6D /* spacing.gif in Resources */ = {isa = PBXBuildFile; fileRef = D368E1FD21EE1C740000BD6D /* spacing.gif */; };
		D370052C21E9A8A000796A79 /* SideButtonViewController.swift in Sources */ = {isa = PBXBuildFile; fileRef = D370052B21E9A8A000796A79 /* SideButtonViewController.swift */; };
/* End PBXBuildFile section */

/* Begin PBXFileReference section */
		55311C7421E733D1005D5EC9 /* TitleImageEdgeinsetsButton.app */ = {isa = PBXFileReference; explicitFileType = wrapper.application; includeInIndex = 0; path = TitleImageEdgeinsetsButton.app; sourceTree = BUILT_PRODUCTS_DIR; };
		55311C7721E733D1005D5EC9 /* AppDelegate.swift */ = {isa = PBXFileReference; lastKnownFileType = sourcecode.swift; path = AppDelegate.swift; sourceTree = "<group>"; };
		55311C7921E733D1005D5EC9 /* ViewController.swift */ = {isa = PBXFileReference; lastKnownFileType = sourcecode.swift; path = ViewController.swift; sourceTree = "<group>"; };
		55311C7C21E733D1005D5EC9 /* Base */ = {isa = PBXFileReference; lastKnownFileType = file.storyboard; name = Base; path = Base.lproj/Main.storyboard; sourceTree = "<group>"; };
		55311C7E21E733D2005D5EC9 /* Assets.xcassets */ = {isa = PBXFileReference; lastKnownFileType = folder.assetcatalog; path = Assets.xcassets; sourceTree = "<group>"; };
		55311C8121E733D2005D5EC9 /* Base */ = {isa = PBXFileReference; lastKnownFileType = file.storyboard; name = Base; path = Base.lproj/LaunchScreen.storyboard; sourceTree = "<group>"; };
		55311C8321E733D2005D5EC9 /* Info.plist */ = {isa = PBXFileReference; lastKnownFileType = text.plist.xml; path = Info.plist; sourceTree = "<group>"; };
		55311C8A21E734D5005D5EC9 /* CXSpacingButton.swift */ = {isa = PBXFileReference; lastKnownFileType = sourcecode.swift; path = CXSpacingButton.swift; sourceTree = "<group>"; };
		55311C8C21E734EA005D5EC9 /* CXSideButton.swift */ = {isa = PBXFileReference; lastKnownFileType = sourcecode.swift; path = CXSideButton.swift; sourceTree = "<group>"; };
		55311C8E21E736B9005D5EC9 /* UIEdgeInset+Extension.swift */ = {isa = PBXFileReference; lastKnownFileType = sourcecode.swift; path = "UIEdgeInset+Extension.swift"; sourceTree = "<group>"; };
		55311C9021E7380B005D5EC9 /* README.md */ = {isa = PBXFileReference; fileEncoding = 4; lastKnownFileType = net.daringfireball.markdown; name = README.md; path = ../README.md; sourceTree = "<group>"; };
		55311C9121E7380B005D5EC9 /* TitleImageEdgeinsetsButton.podspec */ = {isa = PBXFileReference; fileEncoding = 4; lastKnownFileType = text; name = TitleImageEdgeinsetsButton.podspec; path = ../TitleImageEdgeinsetsButton.podspec; sourceTree = "<group>"; };
		D368E1FC21EE1C740000BD6D /* side.png */ = {isa = PBXFileReference; lastKnownFileType = image.png; path = side.png; sourceTree = "<group>"; };
		D368E1FD21EE1C740000BD6D /* spacing.gif */ = {isa = PBXFileReference; lastKnownFileType = image.gif; path = spacing.gif; sourceTree = "<group>"; };
		D370052B21E9A8A000796A79 /* SideButtonViewController.swift */ = {isa = PBXFileReference; lastKnownFileType = sourcecode.swift; path = SideButtonViewController.swift; sourceTree = "<group>"; };
/* End PBXFileReference section */

/* Begin PBXFrameworksBuildPhase section */
		55311C7121E733D1005D5EC9 /* Frameworks */ = {
			isa = PBXFrameworksBuildPhase;
			buildActionMask = 2147483647;
			files = (
			);
			runOnlyForDeploymentPostprocessing = 0;
		};
/* End PBXFrameworksBuildPhase section */

/* Begin PBXGroup section */
		55311C6B21E733D1005D5EC9 = {
			isa = PBXGroup;
			children = (
				55311C9021E7380B005D5EC9 /* README.md */,
				D368E1FB21EE1C740000BD6D /* gif */,
				55311C9121E7380B005D5EC9 /* TitleImageEdgeinsetsButton.podspec */,
				55311C8921E734A6005D5EC9 /* Classes */,
				55311C7621E733D1005D5EC9 /* TitleImageEdgeinsetsButton */,
				55311C7521E733D1005D5EC9 /* Products */,
			);
			sourceTree = "<group>";
		};
		55311C7521E733D1005D5EC9 /* Products */ = {
			isa = PBXGroup;
			children = (
				55311C7421E733D1005D5EC9 /* TitleImageEdgeinsetsButton.app */,
			);
			name = Products;
			sourceTree = "<group>";
		};
		55311C7621E733D1005D5EC9 /* TitleImageEdgeinsetsButton */ = {
			isa = PBXGroup;
			children = (
				55311C7721E733D1005D5EC9 /* AppDelegate.swift */,
				55311C7921E733D1005D5EC9 /* ViewController.swift */,
				D370052B21E9A8A000796A79 /* SideButtonViewController.swift */,
				55311C7B21E733D1005D5EC9 /* Main.storyboard */,
				55311C7E21E733D2005D5EC9 /* Assets.xcassets */,
				55311C8021E733D2005D5EC9 /* LaunchScreen.storyboard */,
				55311C8321E733D2005D5EC9 /* Info.plist */,
			);
			path = TitleImageEdgeinsetsButton;
			sourceTree = "<group>";
		};
		55311C8921E734A6005D5EC9 /* Classes */ = {
			isa = PBXGroup;
			children = (
				55311C8A21E734D5005D5EC9 /* CXSpacingButton.swift */,
				55311C8C21E734EA005D5EC9 /* CXSideButton.swift */,
				55311C8E21E736B9005D5EC9 /* UIEdgeInset+Extension.swift */,
			);
			name = Classes;
			path = ../Classes;
			sourceTree = "<group>";
		};
		D368E1FB21EE1C740000BD6D /* gif */ = {
			isa = PBXGroup;
			children = (
				D368E1FC21EE1C740000BD6D /* side.png */,
				D368E1FD21EE1C740000BD6D /* spacing.gif */,
			);
			name = gif;
			path = ../gif;
			sourceTree = "<group>";
		};
/* End PBXGroup section */

/* Begin PBXNativeTarget section */
		55311C7321E733D1005D5EC9 /* TitleImageEdgeinsetsButton */ = {
			isa = PBXNativeTarget;
			buildConfigurationList = 55311C8621E733D2005D5EC9 /* Build configuration list for PBXNativeTarget "TitleImageEdgeinsetsButton" */;
			buildPhases = (
				55311C7021E733D1005D5EC9 /* Sources */,
				55311C7121E733D1005D5EC9 /* Frameworks */,
				55311C7221E733D1005D5EC9 /* Resources */,
			);
			buildRules = (
			);
			dependencies = (
			);
			name = TitleImageEdgeinsetsButton;
			productName = TitleImageEdgeinsetsButton;
			productReference = 55311C7421E733D1005D5EC9 /* TitleImageEdgeinsetsButton.app */;
			productType = "com.apple.product-type.application";
		};
/* End PBXNativeTarget section */

/* Begin PBXProject section */
		55311C6C21E733D1005D5EC9 /* Project object */ = {
			isa = PBXProject;
			attributes = {
				LastSwiftUpdateCheck = 1010;
				LastUpgradeCheck = 1010;
				ORGANIZATIONNAME = chunxi;
				TargetAttributes = {
					55311C7321E733D1005D5EC9 = {
						CreatedOnToolsVersion = 10.1;
					};
				};
			};
			buildConfigurationList = 55311C6F21E733D1005D5EC9 /* Build configuration list for PBXProject "TitleImageEdgeinsetsButton" */;
			compatibilityVersion = "Xcode 9.3";
			developmentRegion = en;
			hasScannedForEncodings = 0;
			knownRegions = (
				en,
				Base,
			);
			mainGroup = 55311C6B21E733D1005D5EC9;
			productRefGroup = 55311C7521E733D1005D5EC9 /* Products */;
			projectDirPath = "";
			projectRoot = "";
			targets = (
				55311C7321E733D1005D5EC9 /* TitleImageEdgeinsetsButton */,
			);
		};
/* End PBXProject section */

/* Begin PBXResourcesBuildPhase section */
		55311C7221E733D1005D5EC9 /* Resources */ = {
			isa = PBXResourcesBuildPhase;
			buildActionMask = 2147483647;
			files = (
				D368E1FF21EE1C740000BD6D /* spacing.gif in Resources */,
				55311C9321E7380B005D5EC9 /* TitleImageEdgeinsetsButton.podspec in Resources */,
				55311C8221E733D2005D5EC9 /* LaunchScreen.storyboard in Resources */,
				D368E1FE21EE1C740000BD6D /* side.png in Resources */,
				55311C7F21E733D2005D5EC9 /* Assets.xcassets in Resources */,
				55311C9221E7380B005D5EC9 /* README.md in Resources */,
				55311C7D21E733D1005D5EC9 /* Main.storyboard in Resources */,
			);
			runOnlyForDeploymentPostprocessing = 0;
		};
/* End PBXResourcesBuildPhase section */

/* Begin PBXSourcesBuildPhase section */
		55311C7021E733D1005D5EC9 /* Sources */ = {
			isa = PBXSourcesBuildPhase;
			buildActionMask = 2147483647;
			files = (
				55311C8D21E734EA005D5EC9 /* CXSideButton.swift in Sources */,
				55311C8F21E736B9005D5EC9 /* UIEdgeInset+Extension.swift in Sources */,
				55311C7A21E733D1005D5EC9 /* ViewController.swift in Sources */,
				D370052C21E9A8A000796A79 /* SideButtonViewController.swift in Sources */,
				55311C7821E733D1005D5EC9 /* AppDelegate.swift in Sources */,
				55311C8B21E734D5005D5EC9 /* CXSpacingButton.swift in Sources */,
			);
			runOnlyForDeploymentPostprocessing = 0;
		};
/* End PBXSourcesBuildPhase section */

/* Begin PBXVariantGroup section */
		55311C7B21E733D1005D5EC9 /* Main.storyboard */ = {
			isa = PBXVariantGroup;
			children = (
				55311C7C21E733D1005D5EC9 /* Base */,
			);
			name = Main.storyboard;
			sourceTree = "<group>";
		};
		55311C8021E733D2005D5EC9 /* LaunchScreen.storyboard */ = {
			isa = PBXVariantGroup;
			children = (
				55311C8121E733D2005D5EC9 /* Base */,
			);
			name = LaunchScreen.storyboard;
			sourceTree = "<group>";
		};
/* End PBXVariantGroup section */

/* Begin XCBuildConfiguration section */
		55311C8421E733D2005D5EC9 /* Debug */ = {
			isa = XCBuildConfiguration;
			buildSettings = {
				ALWAYS_SEARCH_USER_PATHS = NO;
				CLANG_ANALYZER_NONNULL = YES;
				CLANG_ANALYZER_NUMBER_OBJECT_CONVERSION = YES_AGGRESSIVE;
				CLANG_CXX_LANGUAGE_STANDARD = "gnu++14";
				CLANG_CXX_LIBRARY = "libc++";
				CLANG_ENABLE_MODULES = YES;
				CLANG_ENABLE_OBJC_ARC = YES;
				CLANG_ENABLE_OBJC_WEAK = YES;
				CLANG_WARN_BLOCK_CAPTURE_AUTORELEASING = YES;
				CLANG_WARN_BOOL_CONVERSION = YES;
				CLANG_WARN_COMMA = YES;
				CLANG_WARN_CONSTANT_CONVERSION = YES;
				CLANG_WARN_DEPRECATED_OBJC_IMPLEMENTATIONS = YES;
				CLANG_WARN_DIRECT_OBJC_ISA_USAGE = YES_ERROR;
				CLANG_WARN_DOCUMENTATION_COMMENTS = YES;
				CLANG_WARN_EMPTY_BODY = YES;
				CLANG_WARN_ENUM_CONVERSION = YES;
				CLANG_WARN_INFINITE_RECURSION = YES;
				CLANG_WARN_INT_CONVERSION = YES;
				CLANG_WARN_NON_LITERAL_NULL_CONVERSION = YES;
				CLANG_WARN_OBJC_IMPLICIT_RETAIN_SELF = YES;
				CLANG_WARN_OBJC_LITERAL_CONVERSION = YES;
				CLANG_WARN_OBJC_ROOT_CLASS = YES_ERROR;
				CLANG_WARN_RANGE_LOOP_ANALYSIS = YES;
				CLANG_WARN_STRICT_PROTOTYPES = YES;
				CLANG_WARN_SUSPICIOUS_MOVE = YES;
				CLANG_WARN_UNGUARDED_AVAILABILITY = YES_AGGRESSIVE;
				CLANG_WARN_UNREACHABLE_CODE = YES;
				CLANG_WARN__DUPLICATE_METHOD_MATCH = YES;
				CODE_SIGN_IDENTITY = "iPhone Developer";
				COPY_PHASE_STRIP = NO;
				DEBUG_INFORMATION_FORMAT = dwarf;
				ENABLE_STRICT_OBJC_MSGSEND = YES;
				ENABLE_TESTABILITY = YES;
				GCC_C_LANGUAGE_STANDARD = gnu11;
				GCC_DYNAMIC_NO_PIC = NO;
				GCC_NO_COMMON_BLOCKS = YES;
				GCC_OPTIMIZATION_LEVEL = 0;
				GCC_PREPROCESSOR_DEFINITIONS = (
					"DEBUG=1",
					"$(inherited)",
				);
				GCC_WARN_64_TO_32_BIT_CONVERSION = YES;
				GCC_WARN_ABOUT_RETURN_TYPE = YES_ERROR;
				GCC_WARN_UNDECLARED_SELECTOR = YES;
				GCC_WARN_UNINITIALIZED_AUTOS = YES_AGGRESSIVE;
				GCC_WARN_UNUSED_FUNCTION = YES;
				GCC_WARN_UNUSED_VARIABLE = YES;
				IPHONEOS_DEPLOYMENT_TARGET = 12.1;
				MTL_ENABLE_DEBUG_INFO = INCLUDE_SOURCE;
				MTL_FAST_MATH = YES;
				ONLY_ACTIVE_ARCH = YES;
				SDKROOT = iphoneos;
				SWIFT_ACTIVE_COMPILATION_CONDITIONS = DEBUG;
				SWIFT_OPTIMIZATION_LEVEL = "-Onone";
			};
			name = Debug;
		};
		55311C8521E733D2005D5EC9 /* Release */ = {
			isa = XCBuildConfiguration;
			buildSettings = {
				ALWAYS_SEARCH_USER_PATHS = NO;
				CLANG_ANALYZER_NONNULL = YES;
				CLANG_ANALYZER_NUMBER_OBJECT_CONVERSION = YES_AGGRESSIVE;
				CLANG_CXX_LANGUAGE_STANDARD = "gnu++14";
				CLANG_CXX_LIBRARY = "libc++";
				CLANG_ENABLE_MODULES = YES;
				CLANG_ENABLE_OBJC_ARC = YES;
				CLANG_ENABLE_OBJC_WEAK = YES;
				CLANG_WARN_BLOCK_CAPTURE_AUTORELEASING = YES;
				CLANG_WARN_BOOL_CONVERSION = YES;
				CLANG_WARN_COMMA = YES;
				CLANG_WARN_CONSTANT_CONVERSION = YES;
				CLANG_WARN_DEPRECATED_OBJC_IMPLEMENTATIONS = YES;
				CLANG_WARN_DIRECT_OBJC_ISA_USAGE = YES_ERROR;
				CLANG_WARN_DOCUMENTATION_COMMENTS = YES;
				CLANG_WARN_EMPTY_BODY = YES;
				CLANG_WARN_ENUM_CONVERSION = YES;
				CLANG_WARN_INFINITE_RECURSION = YES;
				CLANG_WARN_INT_CONVERSION = YES;
				CLANG_WARN_NON_LITERAL_NULL_CONVERSION = YES;
				CLANG_WARN_OBJC_IMPLICIT_RETAIN_SELF = YES;
				CLANG_WARN_OBJC_LITERAL_CONVERSION = YES;
				CLANG_WARN_OBJC_ROOT_CLASS = YES_ERROR;
				CLANG_WARN_RANGE_LOOP_ANALYSIS = YES;
				CLANG_WARN_STRICT_PROTOTYPES = YES;
				CLANG_WARN_SUSPICIOUS_MOVE = YES;
				CLANG_WARN_UNGUARDED_AVAILABILITY = YES_AGGRESSIVE;
				CLANG_WARN_UNREACHABLE_CODE = YES;
				CLANG_WARN__DUPLICATE_METHOD_MATCH = YES;
				CODE_SIGN_IDENTITY = "iPhone Developer";
				COPY_PHASE_STRIP = NO;
				DEBUG_INFORMATION_FORMAT = "dwarf-with-dsym";
				ENABLE_NS_ASSERTIONS = NO;
				ENABLE_STRICT_OBJC_MSGSEND = YES;
				GCC_C_LANGUAGE_STANDARD = gnu11;
				GCC_NO_COMMON_BLOCKS = YES;
				GCC_WARN_64_TO_32_BIT_CONVERSION = YES;
				GCC_WARN_ABOUT_RETURN_TYPE = YES_ERROR;
				GCC_WARN_UNDECLARED_SELECTOR = YES;
				GCC_WARN_UNINITIALIZED_AUTOS = YES_AGGRESSIVE;
				GCC_WARN_UNUSED_FUNCTION = YES;
				GCC_WARN_UNUSED_VARIABLE = YES;
				IPHONEOS_DEPLOYMENT_TARGET = 12.1;
				MTL_ENABLE_DEBUG_INFO = NO;
				MTL_FAST_MATH = YES;
				SDKROOT = iphoneos;
				SWIFT_COMPILATION_MODE = wholemodule;
				SWIFT_OPTIMIZATION_LEVEL = "-O";
				VALIDATE_PRODUCT = YES;
			};
			name = Release;
		};
		55311C8721E733D2005D5EC9 /* Debug */ = {
			isa = XCBuildConfiguration;
			buildSettings = {
				ASSETCATALOG_COMPILER_APPICON_NAME = AppIcon;
				CODE_SIGN_STYLE = Automatic;
				INFOPLIST_FILE = TitleImageEdgeinsetsButton/Info.plist;
				LD_RUNPATH_SEARCH_PATHS = (
					"$(inherited)",
					"@executable_path/Frameworks",
				);
				PRODUCT_BUNDLE_IDENTIFIER = com.chunxi.TitleImageEdgeinsetsButton;
				PRODUCT_NAME = "$(TARGET_NAME)";
				SWIFT_VERSION = 4.2;
				TARGETED_DEVICE_FAMILY = "1,2";
			};
			name = Debug;
		};
		55311C8821E733D2005D5EC9 /* Release */ = {
			isa = XCBuildConfiguration;
			buildSettings = {
				ASSETCATALOG_COMPILER_APPICON_NAME = AppIcon;
				CODE_SIGN_STYLE = Automatic;
				INFOPLIST_FILE = TitleImageEdgeinsetsButton/Info.plist;
				LD_RUNPATH_SEARCH_PATHS = (
					"$(inherited)",
					"@executable_path/Frameworks",
				);
				PRODUCT_BUNDLE_IDENTIFIER = com.chunxi.TitleImageEdgeinsetsButton;
				PRODUCT_NAME = "$(TARGET_NAME)";
				SWIFT_VERSION = 4.2;
				TARGETED_DEVICE_FAMILY = "1,2";
			};
			name = Release;
		};
/* End XCBuildConfiguration section */

/* Begin XCConfigurationList section */
		55311C6F21E733D1005D5EC9 /* Build configuration list for PBXProject "TitleImageEdgeinsetsButton" */ = {
			isa = XCConfigurationList;
			buildConfigurations = (
				55311C8421E733D2005D5EC9 /* Debug */,
				55311C8521E733D2005D5EC9 /* Release */,
			);
			defaultConfigurationIsVisible = 0;
			defaultConfigurationName = Release;
		};
		55311C8621E733D2005D5EC9 /* Build configuration list for PBXNativeTarget "TitleImageEdgeinsetsButton" */ = {
			isa = XCConfigurationList;
			buildConfigurations = (
				55311C8721E733D2005D5EC9 /* Debug */,
				55311C8821E733D2005D5EC9 /* Release */,
			);
			defaultConfigurationIsVisible = 0;
			defaultConfigurationName = Release;
		};
/* End XCConfigurationList section */
	};
	rootObject = 55311C6C21E733D1005D5EC9 /* Project object */;
}
